
Microsoft Visual Studio Solution File, Format Version 12.00
# Visual Studio Version 17
VisualStudioVersion = 17.7.34003.232
MinimumVisualStudioVersion = 10.0.40219.1
Project("{54A90642-561A-4BB1-A94E-469ADEE60C69}") = "reactapp", "reactapp\reactapp.esproj", "{1AEAAFE1-07AD-473F-B279-8D0F9134F08B}"
EndProject
Project("{9A19103F-16F7-4668-BE54-9A1E7A4F7556}") = "webapi", "webapi\webapi.csproj", "{EF5F42CC-89DD-47AD-B0EC-194BCDF1AAB8}"
EndProject
Global
	GlobalSection(SolutionConfigurationPlatforms) = preSolution
		Debug|Any CPU = Debug|Any CPU
		Release|Any CPU = Release|Any CPU
	EndGlobalSection
	GlobalSection(ProjectConfigurationPlatforms) = postSolution
		{1AEAAFE1-07AD-473F-B279-8D0F9134F08B}.Debug|Any CPU.ActiveCfg = Debug|Any CPU
		{1AEAAFE1-07AD-473F-B279-8D0F9134F08B}.Debug|Any CPU.Build.0 = Debug|Any CPU
		{1AEAAFE1-07AD-473F-B279-8D0F9134F08B}.Debug|Any CPU.Deploy.0 = Debug|Any CPU
		{1AEAAFE1-07AD-473F-B279-8D0F9134F08B}.Release|Any CPU.ActiveCfg = Release|Any CPU
		{1AEAAFE1-07AD-473F-B279-8D0F9134F08B}.Release|Any CPU.Build.0 = Release|Any CPU
		{1AEAAFE1-07AD-473F-B279-8D0F9134F08B}.Release|Any CPU.Deploy.0 = Release|Any CPU
		{EF5F42CC-89DD-47AD-B0EC-194BCDF1AAB8}.Debug|Any CPU.ActiveCfg = Debug|Any CPU
		{EF5F42CC-89DD-47AD-B0EC-194BCDF1AAB8}.Debug|Any CPU.Build.0 = Debug|Any CPU
		{EF5F42CC-89DD-47AD-B0EC-194BCDF1AAB8}.Release|Any CPU.ActiveCfg = Release|Any CPU
		{EF5F42CC-89DD-47AD-B0EC-194BCDF1AAB8}.Release|Any CPU.Build.0 = Release|Any CPU
	EndGlobalSection
	GlobalSection(SolutionProperties) = preSolution
		HideSolutionNode = FALSE
	EndGlobalSection
	GlobalSection(ExtensibilityGlobals) = postSolution
		SolutionGuid = {E04C3077-811F-49BB-8FD3-427EFA8A94CE}
	EndGlobalSection
EndGlobal
